
Microsoft Visual Studio Solution File, Format Version 12.00
# Visual Studio Version 17
VisualStudioVersion = 17.8.34525.116
MinimumVisualStudioVersion = 10.0.40219.1
Project("{FAE04EC0-301F-11D3-BF4B-00C04F79EFBC}") = "EJer1805", "EJer1805\EJer1805.csproj", "{0957C959-679A-4E9D-9469-A7833D4F6BB5}"
EndProject
Global
	GlobalSection(SolutionConfigurationPlatforms) = preSolution
		Debug|Any CPU = Debug|Any CPU
		Release|Any CPU = Release|Any CPU
	EndGlobalSection
	GlobalSection(ProjectConfigurationPlatforms) = postSolution
		{0957C959-679A-4E9D-9469-A7833D4F6BB5}.Debug|Any CPU.ActiveCfg = Debug|Any CPU
		{0957C959-679A-4E9D-9469-A7833D4F6BB5}.Debug|Any CPU.Build.0 = Debug|Any CPU
		{0957C959-679A-4E9D-9469-A7833D4F6BB5}.Release|Any CPU.ActiveCfg = Release|Any CPU
		{0957C959-679A-4E9D-9469-A7833D4F6BB5}.Release|Any CPU.Build.0 = Release|Any CPU
	EndGlobalSection
	GlobalSection(SolutionProperties) = preSolution
		HideSolutionNode = FALSE
	EndGlobalSection
	GlobalSection(ExtensibilityGlobals) = postSolution
		SolutionGuid = {522491A6-650C-4782-BB96-00180AF29428}
	EndGlobalSection
EndGlobal
